// !$*UTF8*$!
{
	archiveVersion = 1;
	classes = {
	};
	objectVersion = 50;
	objects = {

/* Begin PBXBuildFile section */
		944C179C25CF8E4900154F80 /* ImageCache.swift in Sources */ = {isa = PBXBuildFile; fileRef = 944C179B25CF8E4900154F80 /* ImageCache.swift */; };
		944C17A025CF907C00154F80 /* UIImageView+Download.swift in Sources */ = {isa = PBXBuildFile; fileRef = 944C179F25CF907C00154F80 /* UIImageView+Download.swift */; };
		949255C425CE6814005484A7 /* AppDelegate.swift in Sources */ = {isa = PBXBuildFile; fileRef = 949255C325CE6814005484A7 /* AppDelegate.swift */; };
		949255C625CE6814005484A7 /* SceneDelegate.swift in Sources */ = {isa = PBXBuildFile; fileRef = 949255C525CE6814005484A7 /* SceneDelegate.swift */; };
		949255CB25CE6814005484A7 /* Main.storyboard in Resources */ = {isa = PBXBuildFile; fileRef = 949255C925CE6814005484A7 /* Main.storyboard */; };
		949255CD25CE6815005484A7 /* Assets.xcassets in Resources */ = {isa = PBXBuildFile; fileRef = 949255CC25CE6815005484A7 /* Assets.xcassets */; };
		949255D025CE6815005484A7 /* LaunchScreen.storyboard in Resources */ = {isa = PBXBuildFile; fileRef = 949255CE25CE6815005484A7 /* LaunchScreen.storyboard */; };
		949255DB25CE6816005484A7 /* CanadaAppTests.swift in Sources */ = {isa = PBXBuildFile; fileRef = 949255DA25CE6816005484A7 /* CanadaAppTests.swift */; };
		9492560725CE73EB005484A7 /* AppUtils.swift in Sources */ = {isa = PBXBuildFile; fileRef = 9492560625CE73EB005484A7 /* AppUtils.swift */; };
		9492560D25CE74FD005484A7 /* UIView+Autolayout.swift in Sources */ = {isa = PBXBuildFile; fileRef = 9492560C25CE74FD005484A7 /* UIView+Autolayout.swift */; };
		9492561125CE81FB005484A7 /* HomeTableViewController.swift in Sources */ = {isa = PBXBuildFile; fileRef = 9492561025CE81FB005484A7 /* HomeTableViewController.swift */; };
		9492561525CE83C6005484A7 /* HomeViewModel.swift in Sources */ = {isa = PBXBuildFile; fileRef = 9492561425CE83C6005484A7 /* HomeViewModel.swift */; };
		9492561925CE8662005484A7 /* Protocol+Depencency.swift in Sources */ = {isa = PBXBuildFile; fileRef = 9492561825CE8662005484A7 /* Protocol+Depencency.swift */; };
		9492561E25CE87CD005484A7 /* NetworkService.swift in Sources */ = {isa = PBXBuildFile; fileRef = 9492561D25CE87CD005484A7 /* NetworkService.swift */; };
		9492562225CEA828005484A7 /* AppNetworkError.swift in Sources */ = {isa = PBXBuildFile; fileRef = 9492562125CEA828005484A7 /* AppNetworkError.swift */; };
		9492562825CEA890005484A7 /* MockNetworkSession.swift in Sources */ = {isa = PBXBuildFile; fileRef = 9492562725CEA890005484A7 /* MockNetworkSession.swift */; };
		9492562F25CEAA78005484A7 /* NetworkRequest.swift in Sources */ = {isa = PBXBuildFile; fileRef = 9492562E25CEAA78005484A7 /* NetworkRequest.swift */; };
		9492563725CEB747005484A7 /* AboutCanada.swift in Sources */ = {isa = PBXBuildFile; fileRef = 9492563625CEB747005484A7 /* AboutCanada.swift */; };
		9492563F25CEBB97005484A7 /* DataBinding.swift in Sources */ = {isa = PBXBuildFile; fileRef = 9492563E25CEBB97005484A7 /* DataBinding.swift */; };
		9492566225CF19B3005484A7 /* CanadaInfoCell.swift in Sources */ = {isa = PBXBuildFile; fileRef = 9492566125CF19B3005484A7 /* CanadaInfoCell.swift */; };
/* End PBXBuildFile section */

/* Begin PBXContainerItemProxy section */
		949255D725CE6816005484A7 /* PBXContainerItemProxy */ = {
			isa = PBXContainerItemProxy;
			containerPortal = 949255B825CE6814005484A7 /* Project object */;
			proxyType = 1;
			remoteGlobalIDString = 949255BF25CE6814005484A7;
			remoteInfo = CanadaApp;
		};
/* End PBXContainerItemProxy section */

/* Begin PBXFileReference section */
		944C179B25CF8E4900154F80 /* ImageCache.swift */ = {isa = PBXFileReference; lastKnownFileType = sourcecode.swift; path = ImageCache.swift; sourceTree = "<group>"; };
		944C179F25CF907C00154F80 /* UIImageView+Download.swift */ = {isa = PBXFileReference; lastKnownFileType = sourcecode.swift; path = "UIImageView+Download.swift"; sourceTree = "<group>"; };
		949255C025CE6814005484A7 /* CanadaApp.app */ = {isa = PBXFileReference; explicitFileType = wrapper.application; includeInIndex = 0; path = CanadaApp.app; sourceTree = BUILT_PRODUCTS_DIR; };
		949255C325CE6814005484A7 /* AppDelegate.swift */ = {isa = PBXFileReference; lastKnownFileType = sourcecode.swift; path = AppDelegate.swift; sourceTree = "<group>"; };
		949255C525CE6814005484A7 /* SceneDelegate.swift */ = {isa = PBXFileReference; lastKnownFileType = sourcecode.swift; path = SceneDelegate.swift; sourceTree = "<group>"; };
		949255CA25CE6814005484A7 /* Base */ = {isa = PBXFileReference; lastKnownFileType = file.storyboard; name = Base; path = Base.lproj/Main.storyboard; sourceTree = "<group>"; };
		949255CC25CE6815005484A7 /* Assets.xcassets */ = {isa = PBXFileReference; lastKnownFileType = folder.assetcatalog; path = Assets.xcassets; sourceTree = "<group>"; };
		949255CF25CE6815005484A7 /* Base */ = {isa = PBXFileReference; lastKnownFileType = file.storyboard; name = Base; path = Base.lproj/LaunchScreen.storyboard; sourceTree = "<group>"; };
		949255D125CE6815005484A7 /* Info.plist */ = {isa = PBXFileReference; lastKnownFileType = text.plist.xml; path = Info.plist; sourceTree = "<group>"; };
		949255D625CE6816005484A7 /* CanadaAppTests.xctest */ = {isa = PBXFileReference; explicitFileType = wrapper.cfbundle; includeInIndex = 0; path = CanadaAppTests.xctest; sourceTree = BUILT_PRODUCTS_DIR; };
		949255DA25CE6816005484A7 /* CanadaAppTests.swift */ = {isa = PBXFileReference; lastKnownFileType = sourcecode.swift; path = CanadaAppTests.swift; sourceTree = "<group>"; };
		949255DC25CE6816005484A7 /* Info.plist */ = {isa = PBXFileReference; lastKnownFileType = text.plist.xml; path = Info.plist; sourceTree = "<group>"; };
		949255E525CE6816005484A7 /* CanadaAppUITests.swift */ = {isa = PBXFileReference; lastKnownFileType = sourcecode.swift; path = CanadaAppUITests.swift; sourceTree = "<group>"; };
		949255E725CE6816005484A7 /* Info.plist */ = {isa = PBXFileReference; lastKnownFileType = text.plist.xml; path = Info.plist; sourceTree = "<group>"; };
		9492560625CE73EB005484A7 /* AppUtils.swift */ = {isa = PBXFileReference; lastKnownFileType = sourcecode.swift; path = AppUtils.swift; sourceTree = "<group>"; };
		9492560C25CE74FD005484A7 /* UIView+Autolayout.swift */ = {isa = PBXFileReference; lastKnownFileType = sourcecode.swift; path = "UIView+Autolayout.swift"; sourceTree = "<group>"; };
		9492561025CE81FB005484A7 /* HomeTableViewController.swift */ = {isa = PBXFileReference; lastKnownFileType = sourcecode.swift; path = HomeTableViewController.swift; sourceTree = "<group>"; };
		9492561425CE83C6005484A7 /* HomeViewModel.swift */ = {isa = PBXFileReference; lastKnownFileType = sourcecode.swift; path = HomeViewModel.swift; sourceTree = "<group>"; };
		9492561825CE8662005484A7 /* Protocol+Depencency.swift */ = {isa = PBXFileReference; lastKnownFileType = sourcecode.swift; path = "Protocol+Depencency.swift"; sourceTree = "<group>"; };
		9492561D25CE87CD005484A7 /* NetworkService.swift */ = {isa = PBXFileReference; lastKnownFileType = sourcecode.swift; path = NetworkService.swift; sourceTree = "<group>"; };
		9492562125CEA828005484A7 /* AppNetworkError.swift */ = {isa = PBXFileReference; lastKnownFileType = sourcecode.swift; path = AppNetworkError.swift; sourceTree = "<group>"; };
		9492562725CEA890005484A7 /* MockNetworkSession.swift */ = {isa = PBXFileReference; lastKnownFileType = sourcecode.swift; path = MockNetworkSession.swift; sourceTree = "<group>"; };
		9492562E25CEAA78005484A7 /* NetworkRequest.swift */ = {isa = PBXFileReference; lastKnownFileType = sourcecode.swift; path = NetworkRequest.swift; sourceTree = "<group>"; };
		9492563625CEB747005484A7 /* AboutCanada.swift */ = {isa = PBXFileReference; lastKnownFileType = sourcecode.swift; path = AboutCanada.swift; sourceTree = "<group>"; };
		9492563E25CEBB97005484A7 /* DataBinding.swift */ = {isa = PBXFileReference; lastKnownFileType = sourcecode.swift; path = DataBinding.swift; sourceTree = "<group>"; };
		9492566125CF19B3005484A7 /* CanadaInfoCell.swift */ = {isa = PBXFileReference; lastKnownFileType = sourcecode.swift; path = CanadaInfoCell.swift; sourceTree = "<group>"; };
/* End PBXFileReference section */

/* Begin PBXFrameworksBuildPhase section */
		949255BD25CE6814005484A7 /* Frameworks */ = {
			isa = PBXFrameworksBuildPhase;
			buildActionMask = 2147483647;
			files = (
			);
			runOnlyForDeploymentPostprocessing = 0;
		};
		949255D325CE6816005484A7 /* Frameworks */ = {
			isa = PBXFrameworksBuildPhase;
			buildActionMask = 2147483647;
			files = (
			);
			runOnlyForDeploymentPostprocessing = 0;
		};
/* End PBXFrameworksBuildPhase section */

/* Begin PBXGroup section */
		949255B725CE6814005484A7 = {
			isa = PBXGroup;
			children = (
				949255C225CE6814005484A7 /* CanadaApp */,
				949255D925CE6816005484A7 /* CanadaAppTests */,
				949255E425CE6816005484A7 /* CanadaAppUITests */,
				949255C125CE6814005484A7 /* Products */,
			);
			sourceTree = "<group>";
		};
		949255C125CE6814005484A7 /* Products */ = {
			isa = PBXGroup;
			children = (
				949255C025CE6814005484A7 /* CanadaApp.app */,
				949255D625CE6816005484A7 /* CanadaAppTests.xctest */,
			);
			name = Products;
			sourceTree = "<group>";
		};
		949255C225CE6814005484A7 /* CanadaApp */ = {
			isa = PBXGroup;
			children = (
				949255FF25CE736D005484A7 /* AppSetup */,
				9492561C25CE87B9005484A7 /* Services */,
				9492560025CE739C005484A7 /* Home */,
				9492560425CE73C3005484A7 /* Utility */,
				9492560525CE73CF005484A7 /* Extensions */,
				949255C925CE6814005484A7 /* Main.storyboard */,
				949255CC25CE6815005484A7 /* Assets.xcassets */,
				949255CE25CE6815005484A7 /* LaunchScreen.storyboard */,
				949255D125CE6815005484A7 /* Info.plist */,
			);
			path = CanadaApp;
			sourceTree = "<group>";
		};
		949255D925CE6816005484A7 /* CanadaAppTests */ = {
			isa = PBXGroup;
			children = (
				9492562525CEA863005484A7 /* Service */,
				949255DA25CE6816005484A7 /* CanadaAppTests.swift */,
				949255DC25CE6816005484A7 /* Info.plist */,
			);
			path = CanadaAppTests;
			sourceTree = "<group>";
		};
		949255E425CE6816005484A7 /* CanadaAppUITests */ = {
			isa = PBXGroup;
			children = (
				949255E525CE6816005484A7 /* CanadaAppUITests.swift */,
				949255E725CE6816005484A7 /* Info.plist */,
			);
			path = CanadaAppUITests;
			sourceTree = "<group>";
		};
		949255FF25CE736D005484A7 /* AppSetup */ = {
			isa = PBXGroup;
			children = (
				949255C325CE6814005484A7 /* AppDelegate.swift */,
				949255C525CE6814005484A7 /* SceneDelegate.swift */,
			);
			path = AppSetup;
			sourceTree = "<group>";
		};
		9492560025CE739C005484A7 /* Home */ = {
			isa = PBXGroup;
			children = (
				9492560325CE73B8005484A7 /* View */,
				9492560225CE73B0005484A7 /* ViewModel */,
				9492560125CE73AA005484A7 /* Controller */,
			);
			path = Home;
			sourceTree = "<group>";
		};
		9492560125CE73AA005484A7 /* Controller */ = {
			isa = PBXGroup;
			children = (
				9492561025CE81FB005484A7 /* HomeTableViewController.swift */,
			);
			path = Controller;
			sourceTree = "<group>";
		};
		9492560225CE73B0005484A7 /* ViewModel */ = {
			isa = PBXGroup;
			children = (
				9492561425CE83C6005484A7 /* HomeViewModel.swift */,
			);
			path = ViewModel;
			sourceTree = "<group>";
		};
		9492560325CE73B8005484A7 /* View */ = {
			isa = PBXGroup;
			children = (
				9492566125CF19B3005484A7 /* CanadaInfoCell.swift */,
			);
			path = View;
			sourceTree = "<group>";
		};
		9492560425CE73C3005484A7 /* Utility */ = {
			isa = PBXGroup;
			children = (
				9492560625CE73EB005484A7 /* AppUtils.swift */,
				9492562125CEA828005484A7 /* AppNetworkError.swift */,
				9492563E25CEBB97005484A7 /* DataBinding.swift */,
				944C179B25CF8E4900154F80 /* ImageCache.swift */,
			);
			path = Utility;
			sourceTree = "<group>";
		};
		9492560525CE73CF005484A7 /* Extensions */ = {
			isa = PBXGroup;
			children = (
				9492560C25CE74FD005484A7 /* UIView+Autolayout.swift */,
				9492561825CE8662005484A7 /* Protocol+Depencency.swift */,
				944C179F25CF907C00154F80 /* UIImageView+Download.swift */,
			);
			path = Extensions;
			sourceTree = "<group>";
		};
		9492561C25CE87B9005484A7 /* Services */ = {
			isa = PBXGroup;
			children = (
				9492563525CEB731005484A7 /* NetworkResponse */,
				9492563425CEB71F005484A7 /* NetworkRequest */,
				9492561D25CE87CD005484A7 /* NetworkService.swift */,
			);
			path = Services;
			sourceTree = "<group>";
		};
		9492562525CEA863005484A7 /* Service */ = {
			isa = PBXGroup;
			children = (
				9492562625CEA87A005484A7 /* Mock */,
			);
			path = Service;
			sourceTree = "<group>";
		};
		9492562625CEA87A005484A7 /* Mock */ = {
			isa = PBXGroup;
			children = (
				9492562725CEA890005484A7 /* MockNetworkSession.swift */,
			);
			path = Mock;
			sourceTree = "<group>";
		};
		9492563425CEB71F005484A7 /* NetworkRequest */ = {
			isa = PBXGroup;
			children = (
				9492562E25CEAA78005484A7 /* NetworkRequest.swift */,
			);
			path = NetworkRequest;
			sourceTree = "<group>";
		};
		9492563525CEB731005484A7 /* NetworkResponse */ = {
			isa = PBXGroup;
			children = (
				9492563625CEB747005484A7 /* AboutCanada.swift */,
			);
			path = NetworkResponse;
			sourceTree = "<group>";
		};
/* End PBXGroup section */

/* Begin PBXNativeTarget section */
		949255BF25CE6814005484A7 /* CanadaApp */ = {
			isa = PBXNativeTarget;
			buildConfigurationList = 949255EA25CE6816005484A7 /* Build configuration list for PBXNativeTarget "CanadaApp" */;
			buildPhases = (
				949255BC25CE6814005484A7 /* Sources */,
				949255BD25CE6814005484A7 /* Frameworks */,
				949255BE25CE6814005484A7 /* Resources */,
			);
			buildRules = (
			);
			dependencies = (
			);
			name = CanadaApp;
			productName = CanadaApp;
			productReference = 949255C025CE6814005484A7 /* CanadaApp.app */;
			productType = "com.apple.product-type.application";
		};
		949255D525CE6816005484A7 /* CanadaAppTests */ = {
			isa = PBXNativeTarget;
			buildConfigurationList = 949255ED25CE6816005484A7 /* Build configuration list for PBXNativeTarget "CanadaAppTests" */;
			buildPhases = (
				949255D225CE6816005484A7 /* Sources */,
				949255D325CE6816005484A7 /* Frameworks */,
				949255D425CE6816005484A7 /* Resources */,
			);
			buildRules = (
			);
			dependencies = (
				949255D825CE6816005484A7 /* PBXTargetDependency */,
			);
			name = CanadaAppTests;
			productName = CanadaAppTests;
			productReference = 949255D625CE6816005484A7 /* CanadaAppTests.xctest */;
			productType = "com.apple.product-type.bundle.unit-test";
		};
/* End PBXNativeTarget section */

/* Begin PBXProject section */
		949255B825CE6814005484A7 /* Project object */ = {
			isa = PBXProject;
			attributes = {
				LastSwiftUpdateCheck = 1230;
				LastUpgradeCheck = 1230;
				TargetAttributes = {
					949255BF25CE6814005484A7 = {
						CreatedOnToolsVersion = 12.3;
					};
					949255D525CE6816005484A7 = {
						CreatedOnToolsVersion = 12.3;
						TestTargetID = 949255BF25CE6814005484A7;
					};
				};
			};
			buildConfigurationList = 949255BB25CE6814005484A7 /* Build configuration list for PBXProject "CanadaApp" */;
			compatibilityVersion = "Xcode 9.3";
			developmentRegion = en;
			hasScannedForEncodings = 0;
			knownRegions = (
				en,
				Base,
			);
			mainGroup = 949255B725CE6814005484A7;
			productRefGroup = 949255C125CE6814005484A7 /* Products */;
			projectDirPath = "";
			projectRoot = "";
			targets = (
				949255BF25CE6814005484A7 /* CanadaApp */,
				949255D525CE6816005484A7 /* CanadaAppTests */,
			);
		};
/* End PBXProject section */

/* Begin PBXResourcesBuildPhase section */
		949255BE25CE6814005484A7 /* Resources */ = {
			isa = PBXResourcesBuildPhase;
			buildActionMask = 2147483647;
			files = (
				949255D025CE6815005484A7 /* LaunchScreen.storyboard in Resources */,
				949255CD25CE6815005484A7 /* Assets.xcassets in Resources */,
				949255CB25CE6814005484A7 /* Main.storyboard in Resources */,
			);
			runOnlyForDeploymentPostprocessing = 0;
		};
		949255D425CE6816005484A7 /* Resources */ = {
			isa = PBXResourcesBuildPhase;
			buildActionMask = 2147483647;
			files = (
			);
			runOnlyForDeploymentPostprocessing = 0;
		};
/* End PBXResourcesBuildPhase section */

/* Begin PBXSourcesBuildPhase section */
		949255BC25CE6814005484A7 /* Sources */ = {
			isa = PBXSourcesBuildPhase;
			buildActionMask = 2147483647;
			files = (
				9492560725CE73EB005484A7 /* AppUtils.swift in Sources */,
				9492566225CF19B3005484A7 /* CanadaInfoCell.swift in Sources */,
				9492563F25CEBB97005484A7 /* DataBinding.swift in Sources */,
				9492561525CE83C6005484A7 /* HomeViewModel.swift in Sources */,
				9492562225CEA828005484A7 /* AppNetworkError.swift in Sources */,
				9492561E25CE87CD005484A7 /* NetworkService.swift in Sources */,
				9492560D25CE74FD005484A7 /* UIView+Autolayout.swift in Sources */,
				9492562F25CEAA78005484A7 /* NetworkRequest.swift in Sources */,
				9492561925CE8662005484A7 /* Protocol+Depencency.swift in Sources */,
				949255C425CE6814005484A7 /* AppDelegate.swift in Sources */,
				9492563725CEB747005484A7 /* AboutCanada.swift in Sources */,
				949255C625CE6814005484A7 /* SceneDelegate.swift in Sources */,
				944C17A025CF907C00154F80 /* UIImageView+Download.swift in Sources */,
				944C179C25CF8E4900154F80 /* ImageCache.swift in Sources */,
				9492561125CE81FB005484A7 /* HomeTableViewController.swift in Sources */,
			);
			runOnlyForDeploymentPostprocessing = 0;
		};
		949255D225CE6816005484A7 /* Sources */ = {
			isa = PBXSourcesBuildPhase;
			buildActionMask = 2147483647;
			files = (
				949255DB25CE6816005484A7 /* CanadaAppTests.swift in Sources */,
				9492562825CEA890005484A7 /* MockNetworkSession.swift in Sources */,
			);
			runOnlyForDeploymentPostprocessing = 0;
		};
/* End PBXSourcesBuildPhase section */

/* Begin PBXTargetDependency section */
		949255D825CE6816005484A7 /* PBXTargetDependency */ = {
			isa = PBXTargetDependency;
			target = 949255BF25CE6814005484A7 /* CanadaApp */;
			targetProxy = 949255D725CE6816005484A7 /* PBXContainerItemProxy */;
		};
/* End PBXTargetDependency section */

/* Begin PBXVariantGroup section */
		949255C925CE6814005484A7 /* Main.storyboard */ = {
			isa = PBXVariantGroup;
			children = (
				949255CA25CE6814005484A7 /* Base */,
			);
			name = Main.storyboard;
			sourceTree = "<group>";
		};
		949255CE25CE6815005484A7 /* LaunchScreen.storyboard */ = {
			isa = PBXVariantGroup;
			children = (
				949255CF25CE6815005484A7 /* Base */,
			);
			name = LaunchScreen.storyboard;
			sourceTree = "<group>";
		};
/* End PBXVariantGroup section */

/* Begin XCBuildConfiguration section */
		949255E825CE6816005484A7 /* Debug */ = {
			isa = XCBuildConfiguration;
			buildSettings = {
				ALWAYS_SEARCH_USER_PATHS = NO;
				CLANG_ANALYZER_NONNULL = YES;
				CLANG_ANALYZER_NUMBER_OBJECT_CONVERSION = YES_AGGRESSIVE;
				CLANG_CXX_LANGUAGE_STANDARD = "gnu++14";
				CLANG_CXX_LIBRARY = "libc++";
				CLANG_ENABLE_MODULES = YES;
				CLANG_ENABLE_OBJC_ARC = YES;
				CLANG_ENABLE_OBJC_WEAK = YES;
				CLANG_WARN_BLOCK_CAPTURE_AUTORELEASING = YES;
				CLANG_WARN_BOOL_CONVERSION = YES;
				CLANG_WARN_COMMA = YES;
				CLANG_WARN_CONSTANT_CONVERSION = YES;
				CLANG_WARN_DEPRECATED_OBJC_IMPLEMENTATIONS = YES;
				CLANG_WARN_DIRECT_OBJC_ISA_USAGE = YES_ERROR;
				CLANG_WARN_DOCUMENTATION_COMMENTS = YES;
				CLANG_WARN_EMPTY_BODY = YES;
				CLANG_WARN_ENUM_CONVERSION = YES;
				CLANG_WARN_INFINITE_RECURSION = YES;
				CLANG_WARN_INT_CONVERSION = YES;
				CLANG_WARN_NON_LITERAL_NULL_CONVERSION = YES;
				CLANG_WARN_OBJC_IMPLICIT_RETAIN_SELF = YES;
				CLANG_WARN_OBJC_LITERAL_CONVERSION = YES;
				CLANG_WARN_OBJC_ROOT_CLASS = YES_ERROR;
				CLANG_WARN_QUOTED_INCLUDE_IN_FRAMEWORK_HEADER = YES;
				CLANG_WARN_RANGE_LOOP_ANALYSIS = YES;
				CLANG_WARN_STRICT_PROTOTYPES = YES;
				CLANG_WARN_SUSPICIOUS_MOVE = YES;
				CLANG_WARN_UNGUARDED_AVAILABILITY = YES_AGGRESSIVE;
				CLANG_WARN_UNREACHABLE_CODE = YES;
				CLANG_WARN__DUPLICATE_METHOD_MATCH = YES;
				COPY_PHASE_STRIP = NO;
				DEBUG_INFORMATION_FORMAT = dwarf;
				ENABLE_STRICT_OBJC_MSGSEND = YES;
				ENABLE_TESTABILITY = YES;
				GCC_C_LANGUAGE_STANDARD = gnu11;
				GCC_DYNAMIC_NO_PIC = NO;
				GCC_NO_COMMON_BLOCKS = YES;
				GCC_OPTIMIZATION_LEVEL = 0;
				GCC_PREPROCESSOR_DEFINITIONS = (
					"DEBUG=1",
					"$(inherited)",
				);
				GCC_WARN_64_TO_32_BIT_CONVERSION = YES;
				GCC_WARN_ABOUT_RETURN_TYPE = YES_ERROR;
				GCC_WARN_UNDECLARED_SELECTOR = YES;
				GCC_WARN_UNINITIALIZED_AUTOS = YES_AGGRESSIVE;
				GCC_WARN_UNUSED_FUNCTION = YES;
				GCC_WARN_UNUSED_VARIABLE = YES;
				IPHONEOS_DEPLOYMENT_TARGET = 14.3;
				MTL_ENABLE_DEBUG_INFO = INCLUDE_SOURCE;
				MTL_FAST_MATH = YES;
				ONLY_ACTIVE_ARCH = YES;
				SDKROOT = iphoneos;
				SWIFT_ACTIVE_COMPILATION_CONDITIONS = DEBUG;
				SWIFT_OPTIMIZATION_LEVEL = "-Onone";
			};
			name = Debug;
		};
		949255E925CE6816005484A7 /* Release */ = {
			isa = XCBuildConfiguration;
			buildSettings = {
				ALWAYS_SEARCH_USER_PATHS = NO;
				CLANG_ANALYZER_NONNULL = YES;
				CLANG_ANALYZER_NUMBER_OBJECT_CONVERSION = YES_AGGRESSIVE;
				CLANG_CXX_LANGUAGE_STANDARD = "gnu++14";
				CLANG_CXX_LIBRARY = "libc++";
				CLANG_ENABLE_MODULES = YES;
				CLANG_ENABLE_OBJC_ARC = YES;
				CLANG_ENABLE_OBJC_WEAK = YES;
				CLANG_WARN_BLOCK_CAPTURE_AUTORELEASING = YES;
				CLANG_WARN_BOOL_CONVERSION = YES;
				CLANG_WARN_COMMA = YES;
				CLANG_WARN_CONSTANT_CONVERSION = YES;
				CLANG_WARN_DEPRECATED_OBJC_IMPLEMENTATIONS = YES;
				CLANG_WARN_DIRECT_OBJC_ISA_USAGE = YES_ERROR;
				CLANG_WARN_DOCUMENTATION_COMMENTS = YES;
				CLANG_WARN_EMPTY_BODY = YES;
				CLANG_WARN_ENUM_CONVERSION = YES;
				CLANG_WARN_INFINITE_RECURSION = YES;
				CLANG_WARN_INT_CONVERSION = YES;
				CLANG_WARN_NON_LITERAL_NULL_CONVERSION = YES;
				CLANG_WARN_OBJC_IMPLICIT_RETAIN_SELF = YES;
				CLANG_WARN_OBJC_LITERAL_CONVERSION = YES;
				CLANG_WARN_OBJC_ROOT_CLASS = YES_ERROR;
				CLANG_WARN_QUOTED_INCLUDE_IN_FRAMEWORK_HEADER = YES;
				CLANG_WARN_RANGE_LOOP_ANALYSIS = YES;
				CLANG_WARN_STRICT_PROTOTYPES = YES;
				CLANG_WARN_SUSPICIOUS_MOVE = YES;
				CLANG_WARN_UNGUARDED_AVAILABILITY = YES_AGGRESSIVE;
				CLANG_WARN_UNREACHABLE_CODE = YES;
				CLANG_WARN__DUPLICATE_METHOD_MATCH = YES;
				COPY_PHASE_STRIP = NO;
				DEBUG_INFORMATION_FORMAT = "dwarf-with-dsym";
				ENABLE_NS_ASSERTIONS = NO;
				ENABLE_STRICT_OBJC_MSGSEND = YES;
				GCC_C_LANGUAGE_STANDARD = gnu11;
				GCC_NO_COMMON_BLOCKS = YES;
				GCC_WARN_64_TO_32_BIT_CONVERSION = YES;
				GCC_WARN_ABOUT_RETURN_TYPE = YES_ERROR;
				GCC_WARN_UNDECLARED_SELECTOR = YES;
				GCC_WARN_UNINITIALIZED_AUTOS = YES_AGGRESSIVE;
				GCC_WARN_UNUSED_FUNCTION = YES;
				GCC_WARN_UNUSED_VARIABLE = YES;
				IPHONEOS_DEPLOYMENT_TARGET = 14.3;
				MTL_ENABLE_DEBUG_INFO = NO;
				MTL_FAST_MATH = YES;
				SDKROOT = iphoneos;
				SWIFT_COMPILATION_MODE = wholemodule;
				SWIFT_OPTIMIZATION_LEVEL = "-O";
				VALIDATE_PRODUCT = YES;
			};
			name = Release;
		};
		949255EB25CE6816005484A7 /* Debug */ = {
			isa = XCBuildConfiguration;
			buildSettings = {
				ASSETCATALOG_COMPILER_APPICON_NAME = AppIcon;
				ASSETCATALOG_COMPILER_GLOBAL_ACCENT_COLOR_NAME = AccentColor;
				CODE_SIGN_STYLE = Manual;
				DEVELOPMENT_TEAM = "";
				INFOPLIST_FILE = CanadaApp/Info.plist;
				IPHONEOS_DEPLOYMENT_TARGET = 14.0;
				LD_RUNPATH_SEARCH_PATHS = (
					"$(inherited)",
					"@executable_path/Frameworks",
				);
				PRODUCT_BUNDLE_IDENTIFIER = com.nc.canadapp;
				PRODUCT_NAME = "$(TARGET_NAME)";
				PROVISIONING_PROFILE_SPECIFIER = "";
				SWIFT_VERSION = 5.0;
				TARGETED_DEVICE_FAMILY = "1,2";
			};
			name = Debug;
		};
		949255EC25CE6816005484A7 /* Release */ = {
			isa = XCBuildConfiguration;
			buildSettings = {
				ASSETCATALOG_COMPILER_APPICON_NAME = AppIcon;
				ASSETCATALOG_COMPILER_GLOBAL_ACCENT_COLOR_NAME = AccentColor;
				CODE_SIGN_STYLE = Manual;
				DEVELOPMENT_TEAM = "";
				INFOPLIST_FILE = CanadaApp/Info.plist;
				IPHONEOS_DEPLOYMENT_TARGET = 14.0;
				LD_RUNPATH_SEARCH_PATHS = (
					"$(inherited)",
					"@executable_path/Frameworks",
				);
				PRODUCT_BUNDLE_IDENTIFIER = com.nc.canadapp;
				PRODUCT_NAME = "$(TARGET_NAME)";
				PROVISIONING_PROFILE_SPECIFIER = "";
				SWIFT_VERSION = 5.0;
				TARGETED_DEVICE_FAMILY = "1,2";
			};
			name = Release;
		};
		949255EE25CE6816005484A7 /* Debug */ = {
			isa = XCBuildConfiguration;
			buildSettings = {
				ALWAYS_EMBED_SWIFT_STANDARD_LIBRARIES = YES;
				BUNDLE_LOADER = "$(TEST_HOST)";
				CODE_SIGN_STYLE = Automatic;
				INFOPLIST_FILE = CanadaAppTests/Info.plist;
				IPHONEOS_DEPLOYMENT_TARGET = 14.3;
				LD_RUNPATH_SEARCH_PATHS = (
					"$(inherited)",
					"@executable_path/Frameworks",
					"@loader_path/Frameworks",
				);
				PRODUCT_BUNDLE_IDENTIFIER = com.nc.canadapp.CanadaAppTests;
				PRODUCT_NAME = "$(TARGET_NAME)";
				SWIFT_VERSION = 5.0;
				TARGETED_DEVICE_FAMILY = "1,2";
				TEST_HOST = "$(BUILT_PRODUCTS_DIR)/CanadaApp.app/CanadaApp";
			};
			name = Debug;
		};
		949255EF25CE6816005484A7 /* Release */ = {
			isa = XCBuildConfiguration;
			buildSettings = {
				ALWAYS_EMBED_SWIFT_STANDARD_LIBRARIES = YES;
				BUNDLE_LOADER = "$(TEST_HOST)";
				CODE_SIGN_STYLE = Automatic;
				INFOPLIST_FILE = CanadaAppTests/Info.plist;
				IPHONEOS_DEPLOYMENT_TARGET = 14.3;
				LD_RUNPATH_SEARCH_PATHS = (
					"$(inherited)",
					"@executable_path/Frameworks",
					"@loader_path/Frameworks",
				);
				PRODUCT_BUNDLE_IDENTIFIER = com.nc.canadapp.CanadaAppTests;
				PRODUCT_NAME = "$(TARGET_NAME)";
				SWIFT_VERSION = 5.0;
				TARGETED_DEVICE_FAMILY = "1,2";
				TEST_HOST = "$(BUILT_PRODUCTS_DIR)/CanadaApp.app/CanadaApp";
			};
			name = Release;
		};
/* End XCBuildConfiguration section */

/* Begin XCConfigurationList section */
		949255BB25CE6814005484A7 /* Build configuration list for PBXProject "CanadaApp" */ = {
			isa = XCConfigurationList;
			buildConfigurations = (
				949255E825CE6816005484A7 /* Debug */,
				949255E925CE6816005484A7 /* Release */,
			);
			defaultConfigurationIsVisible = 0;
			defaultConfigurationName = Release;
		};
		949255EA25CE6816005484A7 /* Build configuration list for PBXNativeTarget "CanadaApp" */ = {
			isa = XCConfigurationList;
			buildConfigurations = (
				949255EB25CE6816005484A7 /* Debug */,
				949255EC25CE6816005484A7 /* Release */,
			);
			defaultConfigurationIsVisible = 0;
			defaultConfigurationName = Release;
		};
		949255ED25CE6816005484A7 /* Build configuration list for PBXNativeTarget "CanadaAppTests" */ = {
			isa = XCConfigurationList;
			buildConfigurations = (
				949255EE25CE6816005484A7 /* Debug */,
				949255EF25CE6816005484A7 /* Release */,
			);
			defaultConfigurationIsVisible = 0;
			defaultConfigurationName = Release;
		};
/* End XCConfigurationList section */
	};
	rootObject = 949255B825CE6814005484A7 /* Project object */;
}
